filippo.io/edwards25519 v1.1.0 h1:FNf4tywRC1HmFuKW5xopWpigGjJKiJSV0Cqo0cJWDaA=
filippo.io/edwards25519 v1.1.0/go.mod h1:BxyFTGdWcka3PhytdK4V28tE5sGfRvvvRV7EaN4VDT4=
github.com/go-sql-driver/mysql v1.8.1 h1:LedoTUt/eveggdHS9qUFC1EFSa8bU2+1pZjSRpvNJ1Y=
github.com/go-sql-driver/mysql v1.8.1/go.mod h1:wEBSXgmK//2ZFJyE+qWnIsVGmvmEKlqwuVSjsCm7DZg=
github.com/gotk3/gotk3 v0.6.3 h1:+Ke4WkM1TQUNOlM2TZH6szqknqo+zNbX3BZWVXjSHYw=
github.com/gotk3/gotk3 v0.6.3/go.mod h1:/hqFpkNa9T3JgNAE2fLvCdov7c5bw//FHNZrZ3Uv9/Q=
